// !$*UTF8*$!
{
	archiveVersion = 1;
	classes = {
	};
	objectVersion = 55;
	objects = {

/* Begin PBXBuildFile section */
		FAF495632846B028008402D3 /* Tests_iOS.swift in Sources */ = {isa = PBXBuildFile; fileRef = FAF495622846B028008402D3 /* Tests_iOS.swift */; };
		FAF495652846B028008402D3 /* Tests_iOSLaunchTests.swift in Sources */ = {isa = PBXBuildFile; fileRef = FAF495642846B028008402D3 /* Tests_iOSLaunchTests.swift */; };
		FAF4956F2846B028008402D3 /* Tests_macOS.swift in Sources */ = {isa = PBXBuildFile; fileRef = FAF4956E2846B028008402D3 /* Tests_macOS.swift */; };
		FAF495712846B028008402D3 /* Tests_macOSLaunchTests.swift in Sources */ = {isa = PBXBuildFile; fileRef = FAF495702846B028008402D3 /* Tests_macOSLaunchTests.swift */; };
		FAF495722846B028008402D3 /* searchApp.swift in Sources */ = {isa = PBXBuildFile; fileRef = FAF4954A2846B027008402D3 /* searchApp.swift */; };
		FAF495732846B028008402D3 /* searchApp.swift in Sources */ = {isa = PBXBuildFile; fileRef = FAF4954A2846B027008402D3 /* searchApp.swift */; };
		FAF495742846B028008402D3 /* ContentView.swift in Sources */ = {isa = PBXBuildFile; fileRef = FAF4954B2846B027008402D3 /* ContentView.swift */; };
		FAF495752846B028008402D3 /* ContentView.swift in Sources */ = {isa = PBXBuildFile; fileRef = FAF4954B2846B027008402D3 /* ContentView.swift */; };
		FAF495762846B028008402D3 /* Assets.xcassets in Resources */ = {isa = PBXBuildFile; fileRef = FAF4954C2846B028008402D3 /* Assets.xcassets */; };
		FAF495772846B028008402D3 /* Assets.xcassets in Resources */ = {isa = PBXBuildFile; fileRef = FAF4954C2846B028008402D3 /* Assets.xcassets */; };
/* End PBXBuildFile section */

/* Begin PBXContainerItemProxy section */
		FAF4955F2846B028008402D3 /* PBXContainerItemProxy */ = {
			isa = PBXContainerItemProxy;
			containerPortal = FAF495452846B027008402D3 /* Project object */;
			proxyType = 1;
			remoteGlobalIDString = FAF495502846B028008402D3;
			remoteInfo = "search (iOS)";
		};
		FAF4956B2846B028008402D3 /* PBXContainerItemProxy */ = {
			isa = PBXContainerItemProxy;
			containerPortal = FAF495452846B027008402D3 /* Project object */;
			proxyType = 1;
			remoteGlobalIDString = FAF495562846B028008402D3;
			remoteInfo = "search (macOS)";
		};
/* End PBXContainerItemProxy section */

/* Begin PBXFileReference section */
		FAF4954A2846B027008402D3 /* searchApp.swift */ = {isa = PBXFileReference; lastKnownFileType = sourcecode.swift; path = searchApp.swift; sourceTree = "<group>"; };
		FAF4954B2846B027008402D3 /* ContentView.swift */ = {isa = PBXFileReference; lastKnownFileType = sourcecode.swift; path = ContentView.swift; sourceTree = "<group>"; };
		FAF4954C2846B028008402D3 /* Assets.xcassets */ = {isa = PBXFileReference; lastKnownFileType = folder.assetcatalog; path = Assets.xcassets; sourceTree = "<group>"; };
		FAF495512846B028008402D3 /* search.app */ = {isa = PBXFileReference; explicitFileType = wrapper.application; includeInIndex = 0; path = search.app; sourceTree = BUILT_PRODUCTS_DIR; };
		FAF495572846B028008402D3 /* search.app */ = {isa = PBXFileReference; explicitFileType = wrapper.application; includeInIndex = 0; path = search.app; sourceTree = BUILT_PRODUCTS_DIR; };
		FAF495592846B028008402D3 /* macOS.entitlements */ = {isa = PBXFileReference; lastKnownFileType = text.plist.entitlements; path = macOS.entitlements; sourceTree = "<group>"; };
		FAF4955E2846B028008402D3 /* Tests iOS.xctest */ = {isa = PBXFileReference; explicitFileType = wrapper.cfbundle; includeInIndex = 0; path = "Tests iOS.xctest"; sourceTree = BUILT_PRODUCTS_DIR; };
		FAF495622846B028008402D3 /* Tests_iOS.swift */ = {isa = PBXFileReference; lastKnownFileType = sourcecode.swift; path = Tests_iOS.swift; sourceTree = "<group>"; };
		FAF495642846B028008402D3 /* Tests_iOSLaunchTests.swift */ = {isa = PBXFileReference; lastKnownFileType = sourcecode.swift; path = Tests_iOSLaunchTests.swift; sourceTree = "<group>"; };
		FAF4956A2846B028008402D3 /* Tests macOS.xctest */ = {isa = PBXFileReference; explicitFileType = wrapper.cfbundle; includeInIndex = 0; path = "Tests macOS.xctest"; sourceTree = BUILT_PRODUCTS_DIR; };
		FAF4956E2846B028008402D3 /* Tests_macOS.swift */ = {isa = PBXFileReference; lastKnownFileType = sourcecode.swift; path = Tests_macOS.swift; sourceTree = "<group>"; };
		FAF495702846B028008402D3 /* Tests_macOSLaunchTests.swift */ = {isa = PBXFileReference; lastKnownFileType = sourcecode.swift; path = Tests_macOSLaunchTests.swift; sourceTree = "<group>"; };
/* End PBXFileReference section */

/* Begin PBXFrameworksBuildPhase section */
		FAF4954E2846B028008402D3 /* Frameworks */ = {
			isa = PBXFrameworksBuildPhase;
			buildActionMask = 2147483647;
			files = (
			);
			runOnlyForDeploymentPostprocessing = 0;
		};
		FAF495542846B028008402D3 /* Frameworks */ = {
			isa = PBXFrameworksBuildPhase;
			buildActionMask = 2147483647;
			files = (
			);
			runOnlyForDeploymentPostprocessing = 0;
		};
		FAF4955B2846B028008402D3 /* Frameworks */ = {
			isa = PBXFrameworksBuildPhase;
			buildActionMask = 2147483647;
			files = (
			);
			runOnlyForDeploymentPostprocessing = 0;
		};
		FAF495672846B028008402D3 /* Frameworks */ = {
			isa = PBXFrameworksBuildPhase;
			buildActionMask = 2147483647;
			files = (
			);
			runOnlyForDeploymentPostprocessing = 0;
		};
/* End PBXFrameworksBuildPhase section */

/* Begin PBXGroup section */
		FAF495442846B027008402D3 = {
			isa = PBXGroup;
			children = (
				FAF495492846B027008402D3 /* Shared */,
				FAF495582846B028008402D3 /* macOS */,
				FAF495612846B028008402D3 /* Tests iOS */,
				FAF4956D2846B028008402D3 /* Tests macOS */,
				FAF495522846B028008402D3 /* Products */,
			);
			sourceTree = "<group>";
		};
		FAF495492846B027008402D3 /* Shared */ = {
			isa = PBXGroup;
			children = (
				FAF4954A2846B027008402D3 /* searchApp.swift */,
				FAF4954B2846B027008402D3 /* ContentView.swift */,
				FAF4954C2846B028008402D3 /* Assets.xcassets */,
			);
			path = Shared;
			sourceTree = "<group>";
		};
		FAF495522846B028008402D3 /* Products */ = {
			isa = PBXGroup;
			children = (
				FAF495512846B028008402D3 /* search.app */,
				FAF495572846B028008402D3 /* search.app */,
				FAF4955E2846B028008402D3 /* Tests iOS.xctest */,
				FAF4956A2846B028008402D3 /* Tests macOS.xctest */,
			);
			name = Products;
			sourceTree = "<group>";
		};
		FAF495582846B028008402D3 /* macOS */ = {
			isa = PBXGroup;
			children = (
				FAF495592846B028008402D3 /* macOS.entitlements */,
			);
			path = macOS;
			sourceTree = "<group>";
		};
		FAF495612846B028008402D3 /* Tests iOS */ = {
			isa = PBXGroup;
			children = (
				FAF495622846B028008402D3 /* Tests_iOS.swift */,
				FAF495642846B028008402D3 /* Tests_iOSLaunchTests.swift */,
			);
			path = "Tests iOS";
			sourceTree = "<group>";
		};
		FAF4956D2846B028008402D3 /* Tests macOS */ = {
			isa = PBXGroup;
			children = (
				FAF4956E2846B028008402D3 /* Tests_macOS.swift */,
				FAF495702846B028008402D3 /* Tests_macOSLaunchTests.swift */,
			);
			path = "Tests macOS";
			sourceTree = "<group>";
		};
/* End PBXGroup section */

/* Begin PBXNativeTarget section */
		FAF495502846B028008402D3 /* search (iOS) */ = {
			isa = PBXNativeTarget;
			buildConfigurationList = FAF4957A2846B028008402D3 /* Build configuration list for PBXNativeTarget "search (iOS)" */;
			buildPhases = (
				FAF4954D2846B028008402D3 /* Sources */,
				FAF4954E2846B028008402D3 /* Frameworks */,
				FAF4954F2846B028008402D3 /* Resources */,
			);
			buildRules = (
			);
			dependencies = (
			);
			name = "search (iOS)";
			productName = "search (iOS)";
			productReference = FAF495512846B028008402D3 /* search.app */;
			productType = "com.apple.product-type.application";
		};
		FAF495562846B028008402D3 /* search (macOS) */ = {
			isa = PBXNativeTarget;
			buildConfigurationList = FAF4957D2846B028008402D3 /* Build configuration list for PBXNativeTarget "search (macOS)" */;
			buildPhases = (
				FAF495532846B028008402D3 /* Sources */,
				FAF495542846B028008402D3 /* Frameworks */,
				FAF495552846B028008402D3 /* Resources */,
			);
			buildRules = (
			);
			dependencies = (
			);
			name = "search (macOS)";
			productName = "search (macOS)";
			productReference = FAF495572846B028008402D3 /* search.app */;
			productType = "com.apple.product-type.application";
		};
		FAF4955D2846B028008402D3 /* Tests iOS */ = {
			isa = PBXNativeTarget;
			buildConfigurationList = FAF495802846B028008402D3 /* Build configuration list for PBXNativeTarget "Tests iOS" */;
			buildPhases = (
				FAF4955A2846B028008402D3 /* Sources */,
				FAF4955B2846B028008402D3 /* Frameworks */,
				FAF4955C2846B028008402D3 /* Resources */,
			);
			buildRules = (
			);
			dependencies = (
				FAF495602846B028008402D3 /* PBXTargetDependency */,
			);
			name = "Tests iOS";
			productName = "Tests iOS";
			productReference = FAF4955E2846B028008402D3 /* Tests iOS.xctest */;
			productType = "com.apple.product-type.bundle.ui-testing";
		};
		FAF495692846B028008402D3 /* Tests macOS */ = {
			isa = PBXNativeTarget;
			buildConfigurationList = FAF495832846B028008402D3 /* Build configuration list for PBXNativeTarget "Tests macOS" */;
			buildPhases = (
				FAF495662846B028008402D3 /* Sources */,
				FAF495672846B028008402D3 /* Frameworks */,
				FAF495682846B028008402D3 /* Resources */,
			);
			buildRules = (
			);
			dependencies = (
				FAF4956C2846B028008402D3 /* PBXTargetDependency */,
			);
			name = "Tests macOS";
			productName = "Tests macOS";
			productReference = FAF4956A2846B028008402D3 /* Tests macOS.xctest */;
			productType = "com.apple.product-type.bundle.ui-testing";
		};
/* End PBXNativeTarget section */

/* Begin PBXProject section */
		FAF495452846B027008402D3 /* Project object */ = {
			isa = PBXProject;
			attributes = {
				BuildIndependentTargetsInParallel = 1;
				LastSwiftUpdateCheck = 1340;
				LastUpgradeCheck = 1340;
				TargetAttributes = {
					FAF495502846B028008402D3 = {
						CreatedOnToolsVersion = 13.4;
					};
					FAF495562846B028008402D3 = {
						CreatedOnToolsVersion = 13.4;
					};
					FAF4955D2846B028008402D3 = {
						CreatedOnToolsVersion = 13.4;
						TestTargetID = FAF495502846B028008402D3;
					};
					FAF495692846B028008402D3 = {
						CreatedOnToolsVersion = 13.4;
						TestTargetID = FAF495562846B028008402D3;
					};
				};
			};
			buildConfigurationList = FAF495482846B027008402D3 /* Build configuration list for PBXProject "search" */;
			compatibilityVersion = "Xcode 13.0";
			developmentRegion = en;
			hasScannedForEncodings = 0;
			knownRegions = (
				en,
				Base,
			);
			mainGroup = FAF495442846B027008402D3;
			productRefGroup = FAF495522846B028008402D3 /* Products */;
			projectDirPath = "";
			projectRoot = "";
			targets = (
				FAF495502846B028008402D3 /* search (iOS) */,
				FAF495562846B028008402D3 /* search (macOS) */,
				FAF4955D2846B028008402D3 /* Tests iOS */,
				FAF495692846B028008402D3 /* Tests macOS */,
			);
		};
/* End PBXProject section */

/* Begin PBXResourcesBuildPhase section */
		FAF4954F2846B028008402D3 /* Resources */ = {
			isa = PBXResourcesBuildPhase;
			buildActionMask = 2147483647;
			files = (
				FAF495762846B028008402D3 /* Assets.xcassets in Resources */,
			);
			runOnlyForDeploymentPostprocessing = 0;
		};
		FAF495552846B028008402D3 /* Resources */ = {
			isa = PBXResourcesBuildPhase;
			buildActionMask = 2147483647;
			files = (
				FAF495772846B028008402D3 /* Assets.xcassets in Resources */,
			);
			runOnlyForDeploymentPostprocessing = 0;
		};
		FAF4955C2846B028008402D3 /* Resources */ = {
			isa = PBXResourcesBuildPhase;
			buildActionMask = 2147483647;
			files = (
			);
			runOnlyForDeploymentPostprocessing = 0;
		};
		FAF495682846B028008402D3 /* Resources */ = {
			isa = PBXResourcesBuildPhase;
			buildActionMask = 2147483647;
			files = (
			);
			runOnlyForDeploymentPostprocessing = 0;
		};
/* End PBXResourcesBuildPhase section */

/* Begin PBXSourcesBuildPhase section */
		FAF4954D2846B028008402D3 /* Sources */ = {
			isa = PBXSourcesBuildPhase;
			buildActionMask = 2147483647;
			files = (
				FAF495742846B028008402D3 /* ContentView.swift in Sources */,
				FAF495722846B028008402D3 /* searchApp.swift in Sources */,
			);
			runOnlyForDeploymentPostprocessing = 0;
		};
		FAF495532846B028008402D3 /* Sources */ = {
			isa = PBXSourcesBuildPhase;
			buildActionMask = 2147483647;
			files = (
				FAF495752846B028008402D3 /* ContentView.swift in Sources */,
				FAF495732846B028008402D3 /* searchApp.swift in Sources */,
			);
			runOnlyForDeploymentPostprocessing = 0;
		};
		FAF4955A2846B028008402D3 /* Sources */ = {
			isa = PBXSourcesBuildPhase;
			buildActionMask = 2147483647;
			files = (
				FAF495652846B028008402D3 /* Tests_iOSLaunchTests.swift in Sources */,
				FAF495632846B028008402D3 /* Tests_iOS.swift in Sources */,
			);
			runOnlyForDeploymentPostprocessing = 0;
		};
		FAF495662846B028008402D3 /* Sources */ = {
			isa = PBXSourcesBuildPhase;
			buildActionMask = 2147483647;
			files = (
				FAF495712846B028008402D3 /* Tests_macOSLaunchTests.swift in Sources */,
				FAF4956F2846B028008402D3 /* Tests_macOS.swift in Sources */,
			);
			runOnlyForDeploymentPostprocessing = 0;
		};
/* End PBXSourcesBuildPhase section */

/* Begin PBXTargetDependency section */
		FAF495602846B028008402D3 /* PBXTargetDependency */ = {
			isa = PBXTargetDependency;
			target = FAF495502846B028008402D3 /* search (iOS) */;
			targetProxy = FAF4955F2846B028008402D3 /* PBXContainerItemProxy */;
		};
		FAF4956C2846B028008402D3 /* PBXTargetDependency */ = {
			isa = PBXTargetDependency;
			target = FAF495562846B028008402D3 /* search (macOS) */;
			targetProxy = FAF4956B2846B028008402D3 /* PBXContainerItemProxy */;
		};
/* End PBXTargetDependency section */

/* Begin XCBuildConfiguration section */
		FAF495782846B028008402D3 /* Debug */ = {
			isa = XCBuildConfiguration;
			buildSettings = {
				ALWAYS_SEARCH_USER_PATHS = NO;
				CLANG_ANALYZER_NONNULL = YES;
				CLANG_ANALYZER_NUMBER_OBJECT_CONVERSION = YES_AGGRESSIVE;
				CLANG_CXX_LANGUAGE_STANDARD = "gnu++17";
				CLANG_ENABLE_MODULES = YES;
				CLANG_ENABLE_OBJC_ARC = YES;
				CLANG_ENABLE_OBJC_WEAK = YES;
				CLANG_WARN_BLOCK_CAPTURE_AUTORELEASING = YES;
				CLANG_WARN_BOOL_CONVERSION = YES;
				CLANG_WARN_COMMA = YES;
				CLANG_WARN_CONSTANT_CONVERSION = YES;
				CLANG_WARN_DEPRECATED_OBJC_IMPLEMENTATIONS = YES;
				CLANG_WARN_DIRECT_OBJC_ISA_USAGE = YES_ERROR;
				CLANG_WARN_DOCUMENTATION_COMMENTS = YES;
				CLANG_WARN_EMPTY_BODY = YES;
				CLANG_WARN_ENUM_CONVERSION = YES;
				CLANG_WARN_INFINITE_RECURSION = YES;
				CLANG_WARN_INT_CONVERSION = YES;
				CLANG_WARN_NON_LITERAL_NULL_CONVERSION = YES;
				CLANG_WARN_OBJC_IMPLICIT_RETAIN_SELF = YES;
				CLANG_WARN_OBJC_LITERAL_CONVERSION = YES;
				CLANG_WARN_OBJC_ROOT_CLASS = YES_ERROR;
				CLANG_WARN_QUOTED_INCLUDE_IN_FRAMEWORK_HEADER = YES;
				CLANG_WARN_RANGE_LOOP_ANALYSIS = YES;
				CLANG_WARN_STRICT_PROTOTYPES = YES;
				CLANG_WARN_SUSPICIOUS_MOVE = YES;
				CLANG_WARN_UNGUARDED_AVAILABILITY = YES_AGGRESSIVE;
				CLANG_WARN_UNREACHABLE_CODE = YES;
				CLANG_WARN__DUPLICATE_METHOD_MATCH = YES;
				COPY_PHASE_STRIP = NO;
				DEBUG_INFORMATION_FORMAT = dwarf;
				ENABLE_STRICT_OBJC_MSGSEND = YES;
				ENABLE_TESTABILITY = YES;
				GCC_C_LANGUAGE_STANDARD = gnu11;
				GCC_DYNAMIC_NO_PIC = NO;
				GCC_NO_COMMON_BLOCKS = YES;
				GCC_OPTIMIZATION_LEVEL = 0;
				GCC_PREPROCESSOR_DEFINITIONS = (
					"DEBUG=1",
					"$(inherited)",
				);
				GCC_WARN_64_TO_32_BIT_CONVERSION = YES;
				GCC_WARN_ABOUT_RETURN_TYPE = YES_ERROR;
				GCC_WARN_UNDECLARED_SELECTOR = YES;
				GCC_WARN_UNINITIALIZED_AUTOS = YES_AGGRESSIVE;
				GCC_WARN_UNUSED_FUNCTION = YES;
				GCC_WARN_UNUSED_VARIABLE = YES;
				MTL_ENABLE_DEBUG_INFO = INCLUDE_SOURCE;
				MTL_FAST_MATH = YES;
				ONLY_ACTIVE_ARCH = YES;
				SWIFT_ACTIVE_COMPILATION_CONDITIONS = DEBUG;
				SWIFT_OPTIMIZATION_LEVEL = "-Onone";
			};
			name = Debug;
		};
		FAF495792846B028008402D3 /* Release */ = {
			isa = XCBuildConfiguration;
			buildSettings = {
				ALWAYS_SEARCH_USER_PATHS = NO;
				CLANG_ANALYZER_NONNULL = YES;
				CLANG_ANALYZER_NUMBER_OBJECT_CONVERSION = YES_AGGRESSIVE;
				CLANG_CXX_LANGUAGE_STANDARD = "gnu++17";
				CLANG_ENABLE_MODULES = YES;
				CLANG_ENABLE_OBJC_ARC = YES;
				CLANG_ENABLE_OBJC_WEAK = YES;
				CLANG_WARN_BLOCK_CAPTURE_AUTORELEASING = YES;
				CLANG_WARN_BOOL_CONVERSION = YES;
				CLANG_WARN_COMMA = YES;
				CLANG_WARN_CONSTANT_CONVERSION = YES;
				CLANG_WARN_DEPRECATED_OBJC_IMPLEMENTATIONS = YES;
				CLANG_WARN_DIRECT_OBJC_ISA_USAGE = YES_ERROR;
				CLANG_WARN_DOCUMENTATION_COMMENTS = YES;
				CLANG_WARN_EMPTY_BODY = YES;
				CLANG_WARN_ENUM_CONVERSION = YES;
				CLANG_WARN_INFINITE_RECURSION = YES;
				CLANG_WARN_INT_CONVERSION = YES;
				CLANG_WARN_NON_LITERAL_NULL_CONVERSION = YES;
				CLANG_WARN_OBJC_IMPLICIT_RETAIN_SELF = YES;
				CLANG_WARN_OBJC_LITERAL_CONVERSION = YES;
				CLANG_WARN_OBJC_ROOT_CLASS = YES_ERROR;
				CLANG_WARN_QUOTED_INCLUDE_IN_FRAMEWORK_HEADER = YES;
				CLANG_WARN_RANGE_LOOP_ANALYSIS = YES;
				CLANG_WARN_STRICT_PROTOTYPES = YES;
				CLANG_WARN_SUSPICIOUS_MOVE = YES;
				CLANG_WARN_UNGUARDED_AVAILABILITY = YES_AGGRESSIVE;
				CLANG_WARN_UNREACHABLE_CODE = YES;
				CLANG_WARN__DUPLICATE_METHOD_MATCH = YES;
				COPY_PHASE_STRIP = NO;
				DEBUG_INFORMATION_FORMAT = "dwarf-with-dsym";
				ENABLE_NS_ASSERTIONS = NO;
				ENABLE_STRICT_OBJC_MSGSEND = YES;
				GCC_C_LANGUAGE_STANDARD = gnu11;
				GCC_NO_COMMON_BLOCKS = YES;
				GCC_WARN_64_TO_32_BIT_CONVERSION = YES;
				GCC_WARN_ABOUT_RETURN_TYPE = YES_ERROR;
				GCC_WARN_UNDECLARED_SELECTOR = YES;
				GCC_WARN_UNINITIALIZED_AUTOS = YES_AGGRESSIVE;
				GCC_WARN_UNUSED_FUNCTION = YES;
				GCC_WARN_UNUSED_VARIABLE = YES;
				MTL_ENABLE_DEBUG_INFO = NO;
				MTL_FAST_MATH = YES;
				SWIFT_COMPILATION_MODE = wholemodule;
				SWIFT_OPTIMIZATION_LEVEL = "-O";
			};
			name = Release;
		};
		FAF4957B2846B028008402D3 /* Debug */ = {
			isa = XCBuildConfiguration;
			buildSettings = {
				ASSETCATALOG_COMPILER_APPICON_NAME = AppIcon;
				ASSETCATALOG_COMPILER_GLOBAL_ACCENT_COLOR_NAME = AccentColor;
				CODE_SIGN_STYLE = Automatic;
				CURRENT_PROJECT_VERSION = 1;
				DEVELOPMENT_TEAM = MLNFUVHT52;
				ENABLE_PREVIEWS = YES;
				GENERATE_INFOPLIST_FILE = YES;
				INFOPLIST_KEY_UIApplicationSceneManifest_Generation = YES;
				INFOPLIST_KEY_UIApplicationSupportsIndirectInputEvents = YES;
				INFOPLIST_KEY_UILaunchScreen_Generation = YES;
				INFOPLIST_KEY_UISupportedInterfaceOrientations_iPad = "UIInterfaceOrientationPortrait UIInterfaceOrientationPortraitUpsideDown UIInterfaceOrientationLandscapeLeft UIInterfaceOrientationLandscapeRight";
				INFOPLIST_KEY_UISupportedInterfaceOrientations_iPhone = "UIInterfaceOrientationPortrait UIInterfaceOrientationLandscapeLeft UIInterfaceOrientationLandscapeRight";
				IPHONEOS_DEPLOYMENT_TARGET = 15.5;
				LD_RUNPATH_SEARCH_PATHS = (
					"$(inherited)",
					"@executable_path/Frameworks",
				);
				MARKETING_VERSION = 1.0;
				PRODUCT_BUNDLE_IDENTIFIER = com.jaehrling.search;
				PRODUCT_NAME = search;
				SDKROOT = iphoneos;
				SWIFT_EMIT_LOC_STRINGS = YES;
				SWIFT_VERSION = 5.0;
				TARGETED_DEVICE_FAMILY = "1,2";
			};
			name = Debug;
		};
		FAF4957C2846B028008402D3 /* Release */ = {
			isa = XCBuildConfiguration;
			buildSettings = {
				ASSETCATALOG_COMPILER_APPICON_NAME = AppIcon;
				ASSETCATALOG_COMPILER_GLOBAL_ACCENT_COLOR_NAME = AccentColor;
				CODE_SIGN_STYLE = Automatic;
				CURRENT_PROJECT_VERSION = 1;
				DEVELOPMENT_TEAM = MLNFUVHT52;
				ENABLE_PREVIEWS = YES;
				GENERATE_INFOPLIST_FILE = YES;
				INFOPLIST_KEY_UIApplicationSceneManifest_Generation = YES;
				INFOPLIST_KEY_UIApplicationSupportsIndirectInputEvents = YES;
				INFOPLIST_KEY_UILaunchScreen_Generation = YES;
				INFOPLIST_KEY_UISupportedInterfaceOrientations_iPad = "UIInterfaceOrientationPortrait UIInterfaceOrientationPortraitUpsideDown UIInterfaceOrientationLandscapeLeft UIInterfaceOrientationLandscapeRight";
				INFOPLIST_KEY_UISupportedInterfaceOrientations_iPhone = "UIInterfaceOrientationPortrait UIInterfaceOrientationLandscapeLeft UIInterfaceOrientationLandscapeRight";
				IPHONEOS_DEPLOYMENT_TARGET = 15.5;
				LD_RUNPATH_SEARCH_PATHS = (
					"$(inherited)",
					"@executable_path/Frameworks",
				);
				MARKETING_VERSION = 1.0;
				PRODUCT_BUNDLE_IDENTIFIER = com.jaehrling.search;
				PRODUCT_NAME = search;
				SDKROOT = iphoneos;
				SWIFT_EMIT_LOC_STRINGS = YES;
				SWIFT_VERSION = 5.0;
				TARGETED_DEVICE_FAMILY = "1,2";
				VALIDATE_PRODUCT = YES;
			};
			name = Release;
		};
		FAF4957E2846B028008402D3 /* Debug */ = {
			isa = XCBuildConfiguration;
			buildSettings = {
				ASSETCATALOG_COMPILER_APPICON_NAME = AppIcon;
				ASSETCATALOG_COMPILER_GLOBAL_ACCENT_COLOR_NAME = AccentColor;
				CODE_SIGN_ENTITLEMENTS = macOS/macOS.entitlements;
				CODE_SIGN_STYLE = Automatic;
				COMBINE_HIDPI_IMAGES = YES;
				CURRENT_PROJECT_VERSION = 1;
				DEVELOPMENT_TEAM = MLNFUVHT52;
				ENABLE_HARDENED_RUNTIME = YES;
				ENABLE_PREVIEWS = YES;
				GENERATE_INFOPLIST_FILE = YES;
				INFOPLIST_KEY_NSHumanReadableCopyright = "";
				LD_RUNPATH_SEARCH_PATHS = (
					"$(inherited)",
					"@executable_path/../Frameworks",
				);
				MACOSX_DEPLOYMENT_TARGET = 12.3;
				MARKETING_VERSION = 1.0;
				PRODUCT_BUNDLE_IDENTIFIER = com.jaehrling.search;
				PRODUCT_NAME = search;
				SDKROOT = macosx;
				SWIFT_EMIT_LOC_STRINGS = YES;
				SWIFT_VERSION = 5.0;
			};
			name = Debug;
		};
		FAF4957F2846B028008402D3 /* Release */ = {
			isa = XCBuildConfiguration;
			buildSettings = {
				ASSETCATALOG_COMPILER_APPICON_NAME = AppIcon;
				ASSETCATALOG_COMPILER_GLOBAL_ACCENT_COLOR_NAME = AccentColor;
				CODE_SIGN_ENTITLEMENTS = macOS/macOS.entitlements;
				CODE_SIGN_STYLE = Automatic;
				COMBINE_HIDPI_IMAGES = YES;
				CURRENT_PROJECT_VERSION = 1;
				DEVELOPMENT_TEAM = MLNFUVHT52;
				ENABLE_HARDENED_RUNTIME = YES;
				ENABLE_PREVIEWS = YES;
				GENERATE_INFOPLIST_FILE = YES;
				INFOPLIST_KEY_NSHumanReadableCopyright = "";
				LD_RUNPATH_SEARCH_PATHS = (
					"$(inherited)",
					"@executable_path/../Frameworks",
				);
				MACOSX_DEPLOYMENT_TARGET = 12.3;
				MARKETING_VERSION = 1.0;
				PRODUCT_BUNDLE_IDENTIFIER = com.jaehrling.search;
				PRODUCT_NAME = search;
				SDKROOT = macosx;
				SWIFT_EMIT_LOC_STRINGS = YES;
				SWIFT_VERSION = 5.0;
			};
			name = Release;
		};
		FAF495812846B028008402D3 /* Debug */ = {
			isa = XCBuildConfiguration;
			buildSettings = {
				ALWAYS_EMBED_SWIFT_STANDARD_LIBRARIES = YES;
				CODE_SIGN_STYLE = Automatic;
				CURRENT_PROJECT_VERSION = 1;
				DEVELOPMENT_TEAM = MLNFUVHT52;
				GENERATE_INFOPLIST_FILE = YES;
				IPHONEOS_DEPLOYMENT_TARGET = 15.5;
				MARKETING_VERSION = 1.0;
				PRODUCT_BUNDLE_IDENTIFIER = "com.jaehrling.Tests-iOS";
				PRODUCT_NAME = "$(TARGET_NAME)";
				SDKROOT = iphoneos;
				SWIFT_EMIT_LOC_STRINGS = NO;
				SWIFT_VERSION = 5.0;
				TARGETED_DEVICE_FAMILY = "1,2";
				TEST_TARGET_NAME = "search (iOS)";
			};
			name = Debug;
		};
		FAF495822846B028008402D3 /* Release */ = {
			isa = XCBuildConfiguration;
			buildSettings = {
				ALWAYS_EMBED_SWIFT_STANDARD_LIBRARIES = YES;
				CODE_SIGN_STYLE = Automatic;
				CURRENT_PROJECT_VERSION = 1;
				DEVELOPMENT_TEAM = MLNFUVHT52;
				GENERATE_INFOPLIST_FILE = YES;
				IPHONEOS_DEPLOYMENT_TARGET = 15.5;
				MARKETING_VERSION = 1.0;
				PRODUCT_BUNDLE_IDENTIFIER = "com.jaehrling.Tests-iOS";
				PRODUCT_NAME = "$(TARGET_NAME)";
				SDKROOT = iphoneos;
				SWIFT_EMIT_LOC_STRINGS = NO;
				SWIFT_VERSION = 5.0;
				TARGETED_DEVICE_FAMILY = "1,2";
				TEST_TARGET_NAME = "search (iOS)";
				VALIDATE_PRODUCT = YES;
			};
			name = Release;
		};
		FAF495842846B028008402D3 /* Debug */ = {
			isa = XCBuildConfiguration;
			buildSettings = {
				ALWAYS_EMBED_SWIFT_STANDARD_LIBRARIES = YES;
				CODE_SIGN_STYLE = Automatic;
				CURRENT_PROJECT_VERSION = 1;
				DEVELOPMENT_TEAM = MLNFUVHT52;
				GENERATE_INFOPLIST_FILE = YES;
				MACOSX_DEPLOYMENT_TARGET = 12.3;
				MARKETING_VERSION = 1.0;
				PRODUCT_BUNDLE_IDENTIFIER = "com.jaehrling.Tests-macOS";
				PRODUCT_NAME = "$(TARGET_NAME)";
				SDKROOT = macosx;
				SWIFT_EMIT_LOC_STRINGS = NO;
				SWIFT_VERSION = 5.0;
				TEST_TARGET_NAME = "search (macOS)";
			};
			name = Debug;
		};
		FAF495852846B028008402D3 /* Release */ = {
			isa = XCBuildConfiguration;
			buildSettings = {
				ALWAYS_EMBED_SWIFT_STANDARD_LIBRARIES = YES;
				CODE_SIGN_STYLE = Automatic;
				CURRENT_PROJECT_VERSION = 1;
				DEVELOPMENT_TEAM = MLNFUVHT52;
				GENERATE_INFOPLIST_FILE = YES;
				MACOSX_DEPLOYMENT_TARGET = 12.3;
				MARKETING_VERSION = 1.0;
				PRODUCT_BUNDLE_IDENTIFIER = "com.jaehrling.Tests-macOS";
				PRODUCT_NAME = "$(TARGET_NAME)";
				SDKROOT = macosx;
				SWIFT_EMIT_LOC_STRINGS = NO;
				SWIFT_VERSION = 5.0;
				TEST_TARGET_NAME = "search (macOS)";
			};
			name = Release;
		};
/* End XCBuildConfiguration section */

/* Begin XCConfigurationList section */
		FAF495482846B027008402D3 /* Build configuration list for PBXProject "search" */ = {
			isa = XCConfigurationList;
			buildConfigurations = (
				FAF495782846B028008402D3 /* Debug */,
				FAF495792846B028008402D3 /* Release */,
			);
			defaultConfigurationIsVisible = 0;
			defaultConfigurationName = Release;
		};
		FAF4957A2846B028008402D3 /* Build configuration list for PBXNativeTarget "search (iOS)" */ = {
			isa = XCConfigurationList;
			buildConfigurations = (
				FAF4957B2846B028008402D3 /* Debug */,
				FAF4957C2846B028008402D3 /* Release */,
			);
			defaultConfigurationIsVisible = 0;
			defaultConfigurationName = Release;
		};
		FAF4957D2846B028008402D3 /* Build configuration list for PBXNativeTarget "search (macOS)" */ = {
			isa = XCConfigurationList;
			buildConfigurations = (
				FAF4957E2846B028008402D3 /* Debug */,
				FAF4957F2846B028008402D3 /* Release */,
			);
			defaultConfigurationIsVisible = 0;
			defaultConfigurationName = Release;
		};
		FAF495802846B028008402D3 /* Build configuration list for PBXNativeTarget "Tests iOS" */ = {
			isa = XCConfigurationList;
			buildConfigurations = (
				FAF495812846B028008402D3 /* Debug */,
				FAF495822846B028008402D3 /* Release */,
			);
			defaultConfigurationIsVisible = 0;
			defaultConfigurationName = Release;
		};
		FAF495832846B028008402D3 /* Build configuration list for PBXNativeTarget "Tests macOS" */ = {
			isa = XCConfigurationList;
			buildConfigurations = (
				FAF495842846B028008402D3 /* Debug */,
				FAF495852846B028008402D3 /* Release */,
			);
			defaultConfigurationIsVisible = 0;
			defaultConfigurationName = Release;
		};
/* End XCConfigurationList section */
	};
	rootObject = FAF495452846B027008402D3 /* Project object */;
}
